
Microsoft Visual Studio Solution File, Format Version 12.00
# Visual Studio Version 17
VisualStudioVersion = 17.9.34728.123
MinimumVisualStudioVersion = 10.0.40219.1
Project("{2150E333-8FDC-42A3-9474-1A3956D46DE8}") = "FrontEnd", "FrontEnd", "{9656DF68-94B7-4027-93FE-E6AD0A5ADD1C}"
EndProject
Project("{2150E333-8FDC-42A3-9474-1A3956D46DE8}") = "Services", "Services", "{31F7F233-C66D-44B5-9F8D-9DA13B6982F6}"
EndProject
Project("{9A19103F-16F7-4668-BE54-9A1E7A4F7556}") = "GeekShopping.Web", "FrontEnd\GeekShopping.Web\GeekShopping.Web.csproj", "{E237A59D-507A-47D1-B6C3-920BD228F948}"
EndProject
Project("{9A19103F-16F7-4668-BE54-9A1E7A4F7556}") = "GeekShopping.ProductAPI", "Services\GeekShopping.ProductAPI\GeekShopping.ProductAPI.csproj", "{57B43FBF-67CE-41FB-8941-3180EC287AC7}"
EndProject
Project("{9A19103F-16F7-4668-BE54-9A1E7A4F7556}") = "GeekShopping.IdentityServer", "Services\GeekShopping.IdentityServer\GeekShopping.IdentityServer.csproj", "{58A3DE13-9DD3-4C2E-8BF9-24572F8EC399}"
EndProject
Project("{9A19103F-16F7-4668-BE54-9A1E7A4F7556}") = "GeekShopping.CartAPI", "Services\GeekShopping.CartAPI\GeekShopping.CartAPI.csproj", "{14514B70-B790-4C8D-84F3-B2EE0C527D43}"
EndProject
Project("{9A19103F-16F7-4668-BE54-9A1E7A4F7556}") = "GeekShopping.CouponAPI", "Services\GeekShopping.CouponAPI\GeekShopping.CouponAPI.csproj", "{2AEE8736-606B-4D74-8B02-244E19CF9C1C}"
EndProject
Project("{2150E333-8FDC-42A3-9474-1A3956D46DE8}") = "Integration", "Integration", "{0269C9DF-23F7-431A-9BEA-7F6E6E33DD94}"
EndProject
Project("{9A19103F-16F7-4668-BE54-9A1E7A4F7556}") = "GeekShopping.MessageBus", "Integration\GeekShopping.MessageBus\GeekShopping.MessageBus.csproj", "{F30AAE06-FE92-4350-8599-8BB47D0BCBCE}"
EndProject
Project("{9A19103F-16F7-4668-BE54-9A1E7A4F7556}") = "GeekShopping.OrderAPI", "Services\GeekShopping.OrderAPI\GeekShopping.OrderAPI.csproj", "{AE80BF76-4D7A-44F9-81A3-D4B40C5549FF}"
EndProject
Project("{2150E333-8FDC-42A3-9474-1A3956D46DE8}") = "Payments", "Payments", "{9CD9F45E-C040-46FC-89C1-1337F62F7ABF}"
EndProject
Project("{9A19103F-16F7-4668-BE54-9A1E7A4F7556}") = "GeekShopping.PaymentProcessor", "Payments\GeekShopping.PaymentProcessor\GeekShopping.PaymentProcessor.csproj", "{48051AC5-1F82-4404-A3D4-8476764CB98D}"
EndProject
Project("{9A19103F-16F7-4668-BE54-9A1E7A4F7556}") = "GeekShopping.PaymentAPI", "Services\GeekShopping.PaymentAPI\GeekShopping.PaymentAPI.csproj", "{2AEC3AA2-5731-4780-B094-D95A95B39560}"
EndProject
Project("{9A19103F-16F7-4668-BE54-9A1E7A4F7556}") = "GeekShopping.Email", "Services\GeekShopping.Email\GeekShopping.Email.csproj", "{0CFF117C-32E5-4146-B60D-666D779FE932}"
EndProject
Project("{2150E333-8FDC-42A3-9474-1A3956D46DE8}") = "Gateway", "Gateway", "{95E0539E-8EE8-4004-8E38-EA56232F4A1C}"
EndProject
Project("{9A19103F-16F7-4668-BE54-9A1E7A4F7556}") = "GeekShopping.APIGateway", "Gateway\GeekShopping.APIGateway\GeekShopping.APIGateway.csproj", "{F335F4C5-9131-4A6A-84DE-E5597DFDF443}"
EndProject
Project("{FAE04EC0-301F-11D3-BF4B-00C04F79EFBC}") = "GeekShopping.ChatGPT", "Services\GeekShopping.ChatGPT\GeekShopping.ChatGPT.csproj", "{FFF1A4A8-1351-4832-B234-1590D6C4088D}"
EndProject
Global
	GlobalSection(SolutionConfigurationPlatforms) = preSolution
		Debug|Any CPU = Debug|Any CPU
		Release|Any CPU = Release|Any CPU
	EndGlobalSection
	GlobalSection(ProjectConfigurationPlatforms) = postSolution
		{E237A59D-507A-47D1-B6C3-920BD228F948}.Debug|Any CPU.ActiveCfg = Debug|Any CPU
		{E237A59D-507A-47D1-B6C3-920BD228F948}.Debug|Any CPU.Build.0 = Debug|Any CPU
		{E237A59D-507A-47D1-B6C3-920BD228F948}.Release|Any CPU.ActiveCfg = Release|Any CPU
		{E237A59D-507A-47D1-B6C3-920BD228F948}.Release|Any CPU.Build.0 = Release|Any CPU
		{57B43FBF-67CE-41FB-8941-3180EC287AC7}.Debug|Any CPU.ActiveCfg = Debug|Any CPU
		{57B43FBF-67CE-41FB-8941-3180EC287AC7}.Debug|Any CPU.Build.0 = Debug|Any CPU
		{57B43FBF-67CE-41FB-8941-3180EC287AC7}.Release|Any CPU.ActiveCfg = Release|Any CPU
		{57B43FBF-67CE-41FB-8941-3180EC287AC7}.Release|Any CPU.Build.0 = Release|Any CPU
		{58A3DE13-9DD3-4C2E-8BF9-24572F8EC399}.Debug|Any CPU.ActiveCfg = Debug|Any CPU
		{58A3DE13-9DD3-4C2E-8BF9-24572F8EC399}.Debug|Any CPU.Build.0 = Debug|Any CPU
		{58A3DE13-9DD3-4C2E-8BF9-24572F8EC399}.Release|Any CPU.ActiveCfg = Release|Any CPU
		{58A3DE13-9DD3-4C2E-8BF9-24572F8EC399}.Release|Any CPU.Build.0 = Release|Any CPU
		{14514B70-B790-4C8D-84F3-B2EE0C527D43}.Debug|Any CPU.ActiveCfg = Debug|Any CPU
		{14514B70-B790-4C8D-84F3-B2EE0C527D43}.Debug|Any CPU.Build.0 = Debug|Any CPU
		{14514B70-B790-4C8D-84F3-B2EE0C527D43}.Release|Any CPU.ActiveCfg = Release|Any CPU
		{14514B70-B790-4C8D-84F3-B2EE0C527D43}.Release|Any CPU.Build.0 = Release|Any CPU
		{2AEE8736-606B-4D74-8B02-244E19CF9C1C}.Debug|Any CPU.ActiveCfg = Debug|Any CPU
		{2AEE8736-606B-4D74-8B02-244E19CF9C1C}.Debug|Any CPU.Build.0 = Debug|Any CPU
		{2AEE8736-606B-4D74-8B02-244E19CF9C1C}.Release|Any CPU.ActiveCfg = Release|Any CPU
		{2AEE8736-606B-4D74-8B02-244E19CF9C1C}.Release|Any CPU.Build.0 = Release|Any CPU
		{F30AAE06-FE92-4350-8599-8BB47D0BCBCE}.Debug|Any CPU.ActiveCfg = Debug|Any CPU
		{F30AAE06-FE92-4350-8599-8BB47D0BCBCE}.Debug|Any CPU.Build.0 = Debug|Any CPU
		{F30AAE06-FE92-4350-8599-8BB47D0BCBCE}.Release|Any CPU.ActiveCfg = Release|Any CPU
		{F30AAE06-FE92-4350-8599-8BB47D0BCBCE}.Release|Any CPU.Build.0 = Release|Any CPU
		{AE80BF76-4D7A-44F9-81A3-D4B40C5549FF}.Debug|Any CPU.ActiveCfg = Debug|Any CPU
		{AE80BF76-4D7A-44F9-81A3-D4B40C5549FF}.Debug|Any CPU.Build.0 = Debug|Any CPU
		{AE80BF76-4D7A-44F9-81A3-D4B40C5549FF}.Release|Any CPU.ActiveCfg = Release|Any CPU
		{AE80BF76-4D7A-44F9-81A3-D4B40C5549FF}.Release|Any CPU.Build.0 = Release|Any CPU
		{48051AC5-1F82-4404-A3D4-8476764CB98D}.Debug|Any CPU.ActiveCfg = Debug|Any CPU
		{48051AC5-1F82-4404-A3D4-8476764CB98D}.Debug|Any CPU.Build.0 = Debug|Any CPU
		{48051AC5-1F82-4404-A3D4-8476764CB98D}.Release|Any CPU.ActiveCfg = Release|Any CPU
		{48051AC5-1F82-4404-A3D4-8476764CB98D}.Release|Any CPU.Build.0 = Release|Any CPU
		{2AEC3AA2-5731-4780-B094-D95A95B39560}.Debug|Any CPU.ActiveCfg = Debug|Any CPU
		{2AEC3AA2-5731-4780-B094-D95A95B39560}.Debug|Any CPU.Build.0 = Debug|Any CPU
		{2AEC3AA2-5731-4780-B094-D95A95B39560}.Release|Any CPU.ActiveCfg = Release|Any CPU
		{2AEC3AA2-5731-4780-B094-D95A95B39560}.Release|Any CPU.Build.0 = Release|Any CPU
		{0CFF117C-32E5-4146-B60D-666D779FE932}.Debug|Any CPU.ActiveCfg = Debug|Any CPU
		{0CFF117C-32E5-4146-B60D-666D779FE932}.Debug|Any CPU.Build.0 = Debug|Any CPU
		{0CFF117C-32E5-4146-B60D-666D779FE932}.Release|Any CPU.ActiveCfg = Release|Any CPU
		{0CFF117C-32E5-4146-B60D-666D779FE932}.Release|Any CPU.Build.0 = Release|Any CPU
		{F335F4C5-9131-4A6A-84DE-E5597DFDF443}.Debug|Any CPU.ActiveCfg = Debug|Any CPU
		{F335F4C5-9131-4A6A-84DE-E5597DFDF443}.Debug|Any CPU.Build.0 = Debug|Any CPU
		{F335F4C5-9131-4A6A-84DE-E5597DFDF443}.Release|Any CPU.ActiveCfg = Release|Any CPU
		{F335F4C5-9131-4A6A-84DE-E5597DFDF443}.Release|Any CPU.Build.0 = Release|Any CPU
		{FFF1A4A8-1351-4832-B234-1590D6C4088D}.Debug|Any CPU.ActiveCfg = Debug|Any CPU
		{FFF1A4A8-1351-4832-B234-1590D6C4088D}.Debug|Any CPU.Build.0 = Debug|Any CPU
		{FFF1A4A8-1351-4832-B234-1590D6C4088D}.Release|Any CPU.ActiveCfg = Release|Any CPU
		{FFF1A4A8-1351-4832-B234-1590D6C4088D}.Release|Any CPU.Build.0 = Release|Any CPU
	EndGlobalSection
	GlobalSection(SolutionProperties) = preSolution
		HideSolutionNode = FALSE
	EndGlobalSection
	GlobalSection(NestedProjects) = preSolution
		{E237A59D-507A-47D1-B6C3-920BD228F948} = {9656DF68-94B7-4027-93FE-E6AD0A5ADD1C}
		{57B43FBF-67CE-41FB-8941-3180EC287AC7} = {31F7F233-C66D-44B5-9F8D-9DA13B6982F6}
		{58A3DE13-9DD3-4C2E-8BF9-24572F8EC399} = {31F7F233-C66D-44B5-9F8D-9DA13B6982F6}
		{14514B70-B790-4C8D-84F3-B2EE0C527D43} = {31F7F233-C66D-44B5-9F8D-9DA13B6982F6}
		{2AEE8736-606B-4D74-8B02-244E19CF9C1C} = {31F7F233-C66D-44B5-9F8D-9DA13B6982F6}
		{F30AAE06-FE92-4350-8599-8BB47D0BCBCE} = {0269C9DF-23F7-431A-9BEA-7F6E6E33DD94}
		{AE80BF76-4D7A-44F9-81A3-D4B40C5549FF} = {31F7F233-C66D-44B5-9F8D-9DA13B6982F6}
		{48051AC5-1F82-4404-A3D4-8476764CB98D} = {9CD9F45E-C040-46FC-89C1-1337F62F7ABF}
		{2AEC3AA2-5731-4780-B094-D95A95B39560} = {31F7F233-C66D-44B5-9F8D-9DA13B6982F6}
		{0CFF117C-32E5-4146-B60D-666D779FE932} = {31F7F233-C66D-44B5-9F8D-9DA13B6982F6}
		{F335F4C5-9131-4A6A-84DE-E5597DFDF443} = {95E0539E-8EE8-4004-8E38-EA56232F4A1C}
		{FFF1A4A8-1351-4832-B234-1590D6C4088D} = {31F7F233-C66D-44B5-9F8D-9DA13B6982F6}
	EndGlobalSection
	GlobalSection(ExtensibilityGlobals) = postSolution
		SolutionGuid = {849FE38C-9BB1-4923-8CE5-602932B4E924}
	EndGlobalSection
EndGlobal
